// !$*UTF8*$!
{
	archiveVersion = 1;
	classes = {
	};
	objectVersion = 50;
	objects = {

/* Begin PBXBuildFile section */
		FA133AEC23E46E1F00870BAF /* AppDelegate.swift in Sources */ = {isa = PBXBuildFile; fileRef = FA133AEB23E46E1F00870BAF /* AppDelegate.swift */; };
		FA133AEE23E46E1F00870BAF /* SceneDelegate.swift in Sources */ = {isa = PBXBuildFile; fileRef = FA133AED23E46E1F00870BAF /* SceneDelegate.swift */; };
		FA133AF023E46E1F00870BAF /* ViewController.swift in Sources */ = {isa = PBXBuildFile; fileRef = FA133AEF23E46E1F00870BAF /* ViewController.swift */; };
		FA133AF323E46E1F00870BAF /* Main.storyboard in Resources */ = {isa = PBXBuildFile; fileRef = FA133AF123E46E1F00870BAF /* Main.storyboard */; };
		FA133AF523E46E2200870BAF /* Assets.xcassets in Resources */ = {isa = PBXBuildFile; fileRef = FA133AF423E46E2200870BAF /* Assets.xcassets */; };
		FA133AF823E46E2200870BAF /* LaunchScreen.storyboard in Resources */ = {isa = PBXBuildFile; fileRef = FA133AF623E46E2200870BAF /* LaunchScreen.storyboard */; };
/* End PBXBuildFile section */

/* Begin PBXFileReference section */
		FA133AE823E46E1F00870BAF /* colorSetting.app */ = {isa = PBXFileReference; explicitFileType = wrapper.application; includeInIndex = 0; path = colorSetting.app; sourceTree = BUILT_PRODUCTS_DIR; };
		FA133AEB23E46E1F00870BAF /* AppDelegate.swift */ = {isa = PBXFileReference; lastKnownFileType = sourcecode.swift; path = AppDelegate.swift; sourceTree = "<group>"; };
		FA133AED23E46E1F00870BAF /* SceneDelegate.swift */ = {isa = PBXFileReference; lastKnownFileType = sourcecode.swift; path = SceneDelegate.swift; sourceTree = "<group>"; };
		FA133AEF23E46E1F00870BAF /* ViewController.swift */ = {isa = PBXFileReference; lastKnownFileType = sourcecode.swift; path = ViewController.swift; sourceTree = "<group>"; };
		FA133AF223E46E1F00870BAF /* Base */ = {isa = PBXFileReference; lastKnownFileType = file.storyboard; name = Base; path = Base.lproj/Main.storyboard; sourceTree = "<group>"; };
		FA133AF423E46E2200870BAF /* Assets.xcassets */ = {isa = PBXFileReference; lastKnownFileType = folder.assetcatalog; path = Assets.xcassets; sourceTree = "<group>"; };
		FA133AF723E46E2200870BAF /* Base */ = {isa = PBXFileReference; lastKnownFileType = file.storyboard; name = Base; path = Base.lproj/LaunchScreen.storyboard; sourceTree = "<group>"; };
		FA133AF923E46E2200870BAF /* Info.plist */ = {isa = PBXFileReference; lastKnownFileType = text.plist.xml; path = Info.plist; sourceTree = "<group>"; };
/* End PBXFileReference section */

/* Begin PBXFrameworksBuildPhase section */
		FA133AE523E46E1F00870BAF /* Frameworks */ = {
			isa = PBXFrameworksBuildPhase;
			buildActionMask = 2147483647;
			files = (
			);
			runOnlyForDeploymentPostprocessing = 0;
		};
/* End PBXFrameworksBuildPhase section */

/* Begin PBXGroup section */
		FA133ADF23E46E1E00870BAF = {
			isa = PBXGroup;
			children = (
				FA133AEA23E46E1F00870BAF /* colorSetting */,
				FA133AE923E46E1F00870BAF /* Products */,
			);
			sourceTree = "<group>";
		};
		FA133AE923E46E1F00870BAF /* Products */ = {
			isa = PBXGroup;
			children = (
				FA133AE823E46E1F00870BAF /* colorSetting.app */,
			);
			name = Products;
			sourceTree = "<group>";
		};
		FA133AEA23E46E1F00870BAF /* colorSetting */ = {
			isa = PBXGroup;
			children = (
				FA133AEB23E46E1F00870BAF /* AppDelegate.swift */,
				FA133AED23E46E1F00870BAF /* SceneDelegate.swift */,
				FA133AEF23E46E1F00870BAF /* ViewController.swift */,
				FA133AF123E46E1F00870BAF /* Main.storyboard */,
				FA133AF423E46E2200870BAF /* Assets.xcassets */,
				FA133AF623E46E2200870BAF /* LaunchScreen.storyboard */,
				FA133AF923E46E2200870BAF /* Info.plist */,
			);
			path = colorSetting;
			sourceTree = "<group>";
		};
/* End PBXGroup section */

/* Begin PBXNativeTarget section */
		FA133AE723E46E1F00870BAF /* colorSetting */ = {
			isa = PBXNativeTarget;
			buildConfigurationList = FA133AFC23E46E2200870BAF /* Build configuration list for PBXNativeTarget "colorSetting" */;
			buildPhases = (
				FA133AE423E46E1F00870BAF /* Sources */,
				FA133AE523E46E1F00870BAF /* Frameworks */,
				FA133AE623E46E1F00870BAF /* Resources */,
			);
			buildRules = (
			);
			dependencies = (
			);
			name = colorSetting;
			productName = colorSetting;
			productReference = FA133AE823E46E1F00870BAF /* colorSetting.app */;
			productType = "com.apple.product-type.application";
		};
/* End PBXNativeTarget section */

/* Begin PBXProject section */
		FA133AE023E46E1E00870BAF /* Project object */ = {
			isa = PBXProject;
			attributes = {
				LastSwiftUpdateCheck = 1130;
				LastUpgradeCheck = 1130;
				ORGANIZATIONNAME = "Alex Dev";
				TargetAttributes = {
					FA133AE723E46E1F00870BAF = {
						CreatedOnToolsVersion = 11.3;
					};
				};
			};
			buildConfigurationList = FA133AE323E46E1E00870BAF /* Build configuration list for PBXProject "colorSetting" */;
			compatibilityVersion = "Xcode 9.3";
			developmentRegion = en;
			hasScannedForEncodings = 0;
			knownRegions = (
				en,
				Base,
			);
			mainGroup = FA133ADF23E46E1E00870BAF;
			productRefGroup = FA133AE923E46E1F00870BAF /* Products */;
			projectDirPath = "";
			projectRoot = "";
			targets = (
				FA133AE723E46E1F00870BAF /* colorSetting */,
			);
		};
/* End PBXProject section */

/* Begin PBXResourcesBuildPhase section */
		FA133AE623E46E1F00870BAF /* Resources */ = {
			isa = PBXResourcesBuildPhase;
			buildActionMask = 2147483647;
			files = (
				FA133AF823E46E2200870BAF /* LaunchScreen.storyboard in Resources */,
				FA133AF523E46E2200870BAF /* Assets.xcassets in Resources */,
				FA133AF323E46E1F00870BAF /* Main.storyboard in Resources */,
			);
			runOnlyForDeploymentPostprocessing = 0;
		};
/* End PBXResourcesBuildPhase section */

/* Begin PBXSourcesBuildPhase section */
		FA133AE423E46E1F00870BAF /* Sources */ = {
			isa = PBXSourcesBuildPhase;
			buildActionMask = 2147483647;
			files = (
				FA133AF023E46E1F00870BAF /* ViewController.swift in Sources */,
				FA133AEC23E46E1F00870BAF /* AppDelegate.swift in Sources */,
				FA133AEE23E46E1F00870BAF /* SceneDelegate.swift in Sources */,
			);
			runOnlyForDeploymentPostprocessing = 0;
		};
/* End PBXSourcesBuildPhase section */

/* Begin PBXVariantGroup section */
		FA133AF123E46E1F00870BAF /* Main.storyboard */ = {
			isa = PBXVariantGroup;
			children = (
				FA133AF223E46E1F00870BAF /* Base */,
			);
			name = Main.storyboard;
			sourceTree = "<group>";
		};
		FA133AF623E46E2200870BAF /* LaunchScreen.storyboard */ = {
			isa = PBXVariantGroup;
			children = (
				FA133AF723E46E2200870BAF /* Base */,
			);
			name = LaunchScreen.storyboard;
			sourceTree = "<group>";
		};
/* End PBXVariantGroup section */

/* Begin XCBuildConfiguration section */
		FA133AFA23E46E2200870BAF /* Debug */ = {
			isa = XCBuildConfiguration;
			buildSettings = {
				ALWAYS_SEARCH_USER_PATHS = NO;
				CLANG_ANALYZER_NONNULL = YES;
				CLANG_ANALYZER_NUMBER_OBJECT_CONVERSION = YES_AGGRESSIVE;
				CLANG_CXX_LANGUAGE_STANDARD = "gnu++14";
				CLANG_CXX_LIBRARY = "libc++";
				CLANG_ENABLE_MODULES = YES;
				CLANG_ENABLE_OBJC_ARC = YES;
				CLANG_ENABLE_OBJC_WEAK = YES;
				CLANG_WARN_BLOCK_CAPTURE_AUTORELEASING = YES;
				CLANG_WARN_BOOL_CONVERSION = YES;
				CLANG_WARN_COMMA = YES;
				CLANG_WARN_CONSTANT_CONVERSION = YES;
				CLANG_WARN_DEPRECATED_OBJC_IMPLEMENTATIONS = YES;
				CLANG_WARN_DIRECT_OBJC_ISA_USAGE = YES_ERROR;
				CLANG_WARN_DOCUMENTATION_COMMENTS = YES;
				CLANG_WARN_EMPTY_BODY = YES;
				CLANG_WARN_ENUM_CONVERSION = YES;
				CLANG_WARN_INFINITE_RECURSION = YES;
				CLANG_WARN_INT_CONVERSION = YES;
				CLANG_WARN_NON_LITERAL_NULL_CONVERSION = YES;
				CLANG_WARN_OBJC_IMPLICIT_RETAIN_SELF = YES;
				CLANG_WARN_OBJC_LITERAL_CONVERSION = YES;
				CLANG_WARN_OBJC_ROOT_CLASS = YES_ERROR;
				CLANG_WARN_RANGE_LOOP_ANALYSIS = YES;
				CLANG_WARN_STRICT_PROTOTYPES = YES;
				CLANG_WARN_SUSPICIOUS_MOVE = YES;
				CLANG_WARN_UNGUARDED_AVAILABILITY = YES_AGGRESSIVE;
				CLANG_WARN_UNREACHABLE_CODE = YES;
				CLANG_WARN__DUPLICATE_METHOD_MATCH = YES;
				COPY_PHASE_STRIP = NO;
				DEBUG_INFORMATION_FORMAT = dwarf;
				ENABLE_STRICT_OBJC_MSGSEND = YES;
				ENABLE_TESTABILITY = YES;
				GCC_C_LANGUAGE_STANDARD = gnu11;
				GCC_DYNAMIC_NO_PIC = NO;
				GCC_NO_COMMON_BLOCKS = YES;
				GCC_OPTIMIZATION_LEVEL = 0;
				GCC_PREPROCESSOR_DEFINITIONS = (
					"DEBUG=1",
					"$(inherited)",
				);
				GCC_WARN_64_TO_32_BIT_CONVERSION = YES;
				GCC_WARN_ABOUT_RETURN_TYPE = YES_ERROR;
				GCC_WARN_UNDECLARED_SELECTOR = YES;
				GCC_WARN_UNINITIALIZED_AUTOS = YES_AGGRESSIVE;
				GCC_WARN_UNUSED_FUNCTION = YES;
				GCC_WARN_UNUSED_VARIABLE = YES;
				IPHONEOS_DEPLOYMENT_TARGET = 13.2;
				MTL_ENABLE_DEBUG_INFO = INCLUDE_SOURCE;
				MTL_FAST_MATH = YES;
				ONLY_ACTIVE_ARCH = YES;
				SDKROOT = iphoneos;
				SWIFT_ACTIVE_COMPILATION_CONDITIONS = DEBUG;
				SWIFT_OPTIMIZATION_LEVEL = "-Onone";
			};
			name = Debug;
		};
		FA133AFB23E46E2200870BAF /* Release */ = {
			isa = XCBuildConfiguration;
			buildSettings = {
				ALWAYS_SEARCH_USER_PATHS = NO;
				CLANG_ANALYZER_NONNULL = YES;
				CLANG_ANALYZER_NUMBER_OBJECT_CONVERSION = YES_AGGRESSIVE;
				CLANG_CXX_LANGUAGE_STANDARD = "gnu++14";
				CLANG_CXX_LIBRARY = "libc++";
				CLANG_ENABLE_MODULES = YES;
				CLANG_ENABLE_OBJC_ARC = YES;
				CLANG_ENABLE_OBJC_WEAK = YES;
				CLANG_WARN_BLOCK_CAPTURE_AUTORELEASING = YES;
				CLANG_WARN_BOOL_CONVERSION = YES;
				CLANG_WARN_COMMA = YES;
				CLANG_WARN_CONSTANT_CONVERSION = YES;
				CLANG_WARN_DEPRECATED_OBJC_IMPLEMENTATIONS = YES;
				CLANG_WARN_DIRECT_OBJC_ISA_USAGE = YES_ERROR;
				CLANG_WARN_DOCUMENTATION_COMMENTS = YES;
				CLANG_WARN_EMPTY_BODY = YES;
				CLANG_WARN_ENUM_CONVERSION = YES;
				CLANG_WARN_INFINITE_RECURSION = YES;
				CLANG_WARN_INT_CONVERSION = YES;
				CLANG_WARN_NON_LITERAL_NULL_CONVERSION = YES;
				CLANG_WARN_OBJC_IMPLICIT_RETAIN_SELF = YES;
				CLANG_WARN_OBJC_LITERAL_CONVERSION = YES;
				CLANG_WARN_OBJC_ROOT_CLASS = YES_ERROR;
				CLANG_WARN_RANGE_LOOP_ANALYSIS = YES;
				CLANG_WARN_STRICT_PROTOTYPES = YES;
				CLANG_WARN_SUSPICIOUS_MOVE = YES;
				CLANG_WARN_UNGUARDED_AVAILABILITY = YES_AGGRESSIVE;
				CLANG_WARN_UNREACHABLE_CODE = YES;
				CLANG_WARN__DUPLICATE_METHOD_MATCH = YES;
				COPY_PHASE_STRIP = NO;
				DEBUG_INFORMATION_FORMAT = "dwarf-with-dsym";
				ENABLE_NS_ASSERTIONS = NO;
				ENABLE_STRICT_OBJC_MSGSEND = YES;
				GCC_C_LANGUAGE_STANDARD = gnu11;
				GCC_NO_COMMON_BLOCKS = YES;
				GCC_WARN_64_TO_32_BIT_CONVERSION = YES;
				GCC_WARN_ABOUT_RETURN_TYPE = YES_ERROR;
				GCC_WARN_UNDECLARED_SELECTOR = YES;
				GCC_WARN_UNINITIALIZED_AUTOS = YES_AGGRESSIVE;
				GCC_WARN_UNUSED_FUNCTION = YES;
				GCC_WARN_UNUSED_VARIABLE = YES;
				IPHONEOS_DEPLOYMENT_TARGET = 13.2;
				MTL_ENABLE_DEBUG_INFO = NO;
				MTL_FAST_MATH = YES;
				SDKROOT = iphoneos;
				SWIFT_COMPILATION_MODE = wholemodule;
				SWIFT_OPTIMIZATION_LEVEL = "-O";
				VALIDATE_PRODUCT = YES;
			};
			name = Release;
		};
		FA133AFD23E46E2200870BAF /* Debug */ = {
			isa = XCBuildConfiguration;
			buildSettings = {
				ASSETCATALOG_COMPILER_APPICON_NAME = AppIcon;
				CODE_SIGN_STYLE = Automatic;
				DEVELOPMENT_TEAM = 399VB8A3N2;
				INFOPLIST_FILE = colorSetting/Info.plist;
				LD_RUNPATH_SEARCH_PATHS = (
					"$(inherited)",
					"@executable_path/Frameworks",
				);
				PRODUCT_BUNDLE_IDENTIFIER = ua.AAdev.colorSetting;
				PRODUCT_NAME = "$(TARGET_NAME)";
				SWIFT_VERSION = 5.0;
				TARGETED_DEVICE_FAMILY = "1,2";
			};
			name = Debug;
		};
		FA133AFE23E46E2200870BAF /* Release */ = {
			isa = XCBuildConfiguration;
			buildSettings = {
				ASSETCATALOG_COMPILER_APPICON_NAME = AppIcon;
				CODE_SIGN_STYLE = Automatic;
				DEVELOPMENT_TEAM = 399VB8A3N2;
				INFOPLIST_FILE = colorSetting/Info.plist;
				LD_RUNPATH_SEARCH_PATHS = (
					"$(inherited)",
					"@executable_path/Frameworks",
				);
				PRODUCT_BUNDLE_IDENTIFIER = ua.AAdev.colorSetting;
				PRODUCT_NAME = "$(TARGET_NAME)";
				SWIFT_VERSION = 5.0;
				TARGETED_DEVICE_FAMILY = "1,2";
			};
			name = Release;
		};
/* End XCBuildConfiguration section */

/* Begin XCConfigurationList section */
		FA133AE323E46E1E00870BAF /* Build configuration list for PBXProject "colorSetting" */ = {
			isa = XCConfigurationList;
			buildConfigurations = (
				FA133AFA23E46E2200870BAF /* Debug */,
				FA133AFB23E46E2200870BAF /* Release */,
			);
			defaultConfigurationIsVisible = 0;
			defaultConfigurationName = Release;
		};
		FA133AFC23E46E2200870BAF /* Build configuration list for PBXNativeTarget "colorSetting" */ = {
			isa = XCConfigurationList;
			buildConfigurations = (
				FA133AFD23E46E2200870BAF /* Debug */,
				FA133AFE23E46E2200870BAF /* Release */,
			);
			defaultConfigurationIsVisible = 0;
			defaultConfigurationName = Release;
		};
/* End XCConfigurationList section */
	};
	rootObject = FA133AE023E46E1E00870BAF /* Project object */;
}
